{
    "version": 3,
    "terraform_version": "0.11.1",
    "serial": 4,
    "lineage": "f8c81fab-36db-4d98-a534-58e199adc50b",
    "modules": [
        {
            "path": [
                "root"
            ],
            "outputs": {},
            "resources": {},
            "depends_on": []
        },
        {
            "path": [
                "root",
                "resource_group"
            ],
            "outputs": {
                "id": {
                    "sensitive": false,
                    "type": "string",
                    "value": "/subscriptions/a98b207c-25e4-47f2-8a30-f4a78e09baee/resourceGroups/rg_20181001"
                },
                "name": {
                    "sensitive": false,
                    "type": "string",
                    "value": "rg_20181001"
                }
            },
            "resources": {
                "azurerm_resource_group.test": {
                    "type": "azurerm_resource_group",
                    "depends_on": [],
                    "primary": {
                        "id": "/subscriptions/a98b207c-25e4-47f2-8a30-f4a78e09baee/resourceGroups/rg_20181001",
                        "attributes": {
                            "id": "/subscriptions/a98b207c-25e4-47f2-8a30-f4a78e09baee/resourceGroups/rg_20181001",
                            "location": "eastasia",
                            "name": "rg_20181001",
                            "tags.%": "1",
                            "tags.environment": "Testing"
                        },
                        "meta": {},
                        "tainted": false
                    },
                    "deposed": [],
                    "provider": "provider.azurerm"
                }
            },
            "depends_on": []
        },
        {
            "path": [
                "root",
                "storage"
            ],
            "outputs": {},
            "resources": {
                "azurerm_storage_account.test": {
                    "type": "azurerm_storage_account",
                    "depends_on": [],
                    "primary": {
                        "id": "/subscriptions/a98b207c-25e4-47f2-8a30-f4a78e09baee/resourceGroups/rg_20181001/providers/Microsoft.Storage/storageAccounts/sa20181001",
                        "attributes": {
                            "access_tier": "",
                            "account_encryption_source": "Microsoft.Storage",
                            "account_kind": "Storage",
                            "account_replication_type": "LRS",
                            "account_tier": "Standard",
                            "account_type": "Standard_LRS",
                            "enable_blob_encryption": "true",
                            "enable_file_encryption": "true",
                            "enable_https_traffic_only": "false",
                            "id": "/subscriptions/a98b207c-25e4-47f2-8a30-f4a78e09baee/resourceGroups/rg_20181001/providers/Microsoft.Storage/storageAccounts/sa20181001",
                            "identity.#": "0",
                            "location": "eastasia",
                            "name": "sa20181001",
                            "network_rules.#": "0",
                            "primary_access_key": "z7XC8zeUBFZzHDTNl1CPmlFOSutTNqXVnpeiS2wuhsyc3p1uC3+AxKojB71vOnt7o2Y9uUhRZcluh4H4sZIUvg==",
                            "primary_blob_connection_string": "DefaultEndpointsProtocol=https;BlobEndpoint=https://sa20181001.blob.core.windows.net/;AccountName=sa20181001;AccountKey=z7XC8zeUBFZzHDTNl1CPmlFOSutTNqXVnpeiS2wuhsyc3p1uC3+AxKojB71vOnt7o2Y9uUhRZcluh4H4sZIUvg==",
                            "primary_blob_endpoint": "https://sa20181001.blob.core.windows.net/",
                            "primary_connection_string": "DefaultEndpointsProtocol=https;AccountName=sa20181001;AccountKey=z7XC8zeUBFZzHDTNl1CPmlFOSutTNqXVnpeiS2wuhsyc3p1uC3+AxKojB71vOnt7o2Y9uUhRZcluh4H4sZIUvg==;EndpointSuffix=core.windows.net",
                            "primary_file_endpoint": "https://sa20181001.file.core.windows.net/",
                            "primary_location": "eastasia",
                            "primary_queue_endpoint": "https://sa20181001.queue.core.windows.net/",
                            "primary_table_endpoint": "https://sa20181001.table.core.windows.net/",
                            "resource_group_name": "rg_20181001",
                            "secondary_access_key": "a1KpEBeQpn9FfsrfFHY2yHCbI1IiEfwVpdwhJl8Ye8Q9KotLpJ4YqfgQWDQhgUTvyoPPvEs+2+dCgQtZsOecPw==",
                            "secondary_connection_string": "DefaultEndpointsProtocol=https;AccountName=sa20181001;AccountKey=a1KpEBeQpn9FfsrfFHY2yHCbI1IiEfwVpdwhJl8Ye8Q9KotLpJ4YqfgQWDQhgUTvyoPPvEs+2+dCgQtZsOecPw==;EndpointSuffix=core.windows.net",
                            "secondary_location": "",
                            "tags.%": "0"
                        },
                        "meta": {
                            "schema_version": "2"
                        },
                        "tainted": false
                    },
                    "deposed": [],
                    "provider": "provider.azurerm"
                },
                "azurerm_storage_blob.testsb": {
                    "type": "azurerm_storage_blob",
                    "depends_on": [
                        "azurerm_storage_account.test",
                        "azurerm_storage_container.test"
                    ],
                    "primary": {
                        "id": "https://sa20181001.blob.core.windows.net/sc20181001/sb20181001",
                        "attributes": {
                            "attempts": "1",
                            "content_type": "application/octet-stream",
                            "id": "https://sa20181001.blob.core.windows.net/sc20181001/sb20181001",
                            "name": "sb20181001",
                            "parallelism": "8",
                            "resource_group_name": "rg_20181001",
                            "size": "5120",
                            "source_uri": "",
                            "storage_account_name": "sa20181001",
                            "storage_container_name": "sc20181001",
                            "type": "page",
                            "url": "https://sa20181001.blob.core.windows.net/sc20181001/sb20181001"
                        },
                        "meta": {
                            "schema_version": "1"
                        },
                        "tainted": false
                    },
                    "deposed": [],
                    "provider": "provider.azurerm"
                },
                "azurerm_storage_container.test": {
                    "type": "azurerm_storage_container",
                    "depends_on": [
                        "azurerm_storage_account.test"
                    ],
                    "primary": {
                        "id": "https://sa20181001.blob.core.windows.net/sc20181001",
                        "attributes": {
                            "container_access_type": "private",
                            "id": "https://sa20181001.blob.core.windows.net/sc20181001",
                            "name": "sc20181001",
                            "properties.%": "4",
                            "properties.last_modified": "Wed, 07 Nov 2018 08:22:31 GMT",
                            "properties.lease_duration": "",
                            "properties.lease_state": "available",
                            "properties.lease_status": "unlocked",
                            "resource_group_name": "rg_20181001",
                            "storage_account_name": "sa20181001"
                        },
                        "meta": {
                            "schema_version": "1"
                        },
                        "tainted": false
                    },
                    "deposed": [],
                    "provider": "provider.azurerm"
                }
            },
            "depends_on": []
        }
    ]
}
